{
  "name": "giduru-workspace",
  "version": "0.1.0",
  "lockfileVersion": 3,
  "requires": true,
  "packages": {
    "": {
      "name": "giduru-workspace",
      "version": "0.1.0",
      "workspaces": [
        "packages/*"
      ],
      "devDependencies": {
        "@types/node": "^25.5.0",
        "typescript": "^5.9.3"
      },
      "engines": {
        "node": ">=18"
      }
    },
    "node_modules/@codemirror/autocomplete": {
      "version": "6.20.1",
      "resolved": "https://registry.npmjs.org/@codemirror/autocomplete/-/autocomplete-6.20.1.tgz",
      "integrity": "sha512-1cvg3Vz1dSSToCNlJfRA2WSI4ht3K+WplO0UMOgmUYPivCyy2oueZY6Lx7M9wThm7SDUBViRmuT+OG/i8+ON9A==",
      "dependencies": {
        "@codemirror/language": "^6.0.0",
        "@codemirror/state": "^6.0.0",
        "@codemirror/view": "^6.17.0",
        "@lezer/common": "^1.0.0"
      }
    },
    "node_modules/@codemirror/language": {
      "version": "6.12.3",
      "resolved": "https://registry.npmjs.org/@codemirror/language/-/language-6.12.3.tgz",
      "integrity": "sha512-QwCZW6Tt1siP37Jet9Tb02Zs81TQt6qQrZR2H+eGMcFsL1zMrk2/b9CLC7/9ieP1fjIUMgviLWMmgiHoJrj+ZA==",
      "dependencies": {
        "@codemirror/state": "^6.0.0",
        "@codemirror/view": "^6.23.0",
        "@lezer/common": "^1.5.0",
        "@lezer/highlight": "^1.0.0",
        "@lezer/lr": "^1.0.0",
        "style-mod": "^4.0.0"
      }
    },
    "node_modules/@codemirror/state": {
      "version": "6.6.0",
      "resolved": "https://registry.npmjs.org/@codemirror/state/-/state-6.6.0.tgz",
      "integrity": "sha512-4nbvra5R5EtiCzr9BTHiTLc+MLXK2QGiAVYMyi8PkQd3SR+6ixar/Q/01Fa21TBIDOZXgeWV4WppsQolSreAPQ==",
      "dependencies": {
        "@marijn/find-cluster-break": "^1.0.0"
      }
    },
    "node_modules/@codemirror/view": {
      "version": "6.40.0",
      "resolved": "https://registry.npmjs.org/@codemirror/view/-/view-6.40.0.tgz",
      "integrity": "sha512-WA0zdU7xfF10+5I3HhUUq3kqOx3KjqmtQ9lqZjfK7jtYk4G72YW9rezcSywpaUMCWOMlq+6E0pO1IWg1TNIhtg==",
      "dependencies": {
        "@codemirror/state": "^6.6.0",
        "crelt": "^1.0.6",
        "style-mod": "^4.1.0",
        "w3c-keyname": "^2.2.4"
      }
    },
    "node_modules/@giduru/core": {
      "resolved": "packages/core",
      "link": true
    },
    "node_modules/@lezer/common": {
      "version": "1.5.1",
      "resolved": "https://registry.npmjs.org/@lezer/common/-/common-1.5.1.tgz",
      "integrity": "sha512-6YRVG9vBkaY7p1IVxL4s44n5nUnaNnGM2/AckNgYOnxTG2kWh1vR8BMxPseWPjRNpb5VtXnMpeYAEAADoRV1Iw=="
    },
    "node_modules/@lezer/highlight": {
      "version": "1.2.3",
      "resolved": "https://registry.npmjs.org/@lezer/highlight/-/highlight-1.2.3.tgz",
      "integrity": "sha512-qXdH7UqTvGfdVBINrgKhDsVTJTxactNNxLk7+UMwZhU13lMHaOBlJe9Vqp907ya56Y3+ed2tlqzys7jDkTmW0g==",
      "dependencies": {
        "@lezer/common": "^1.3.0"
      }
    },
    "node_modules/@lezer/lr": {
      "version": "1.4.8",
      "resolved": "https://registry.npmjs.org/@lezer/lr/-/lr-1.4.8.tgz",
      "integrity": "sha512-bPWa0Pgx69ylNlMlPvBPryqeLYQjyJjqPx+Aupm5zydLIF3NE+6MMLT8Yi23Bd9cif9VS00aUebn+6fDIGBcDA==",
      "dependencies": {
        "@lezer/common": "^1.0.0"
      }
    },
    "node_modules/@marijn/find-cluster-break": {
      "version": "1.0.2",
      "resolved": "https://registry.npmjs.org/@marijn/find-cluster-break/-/find-cluster-break-1.0.2.tgz",
      "integrity": "sha512-l0h88YhZFyKdXIFNfSWpyjStDjGHwZ/U7iobcK1cQQD8sejsONdQtTVU+1wVN1PBw40PiiHB1vA5S7VTfQiP9g=="
    },
    "node_modules/@types/node": {
      "version": "25.5.0",
      "resolved": "https://registry.npmjs.org/@types/node/-/node-25.5.0.tgz",
      "integrity": "sha512-jp2P3tQMSxWugkCUKLRPVUpGaL5MVFwF8RDuSRztfwgN1wmqJeMSbKlnEtQqU8UrhTmzEmZdu2I6v2dpp7XIxw==",
      "dev": true,
      "dependencies": {
        "undici-types": "~7.18.0"
      }
    },
    "node_modules/codemirror-lang-hledger": {
      "version": "0.5.0",
      "resolved": "https://registry.npmjs.org/codemirror-lang-hledger/-/codemirror-lang-hledger-0.5.0.tgz",
      "integrity": "sha512-VY1gMrKHcHdkK/ze8euXljSqNVH2cFARWzLX8o9IRwZn25oR8tj+1SiXGyLPRrAorGm7RLAn52nxP53FpU0mxg==",
      "dependencies": {
        "@codemirror/autocomplete": "^6.0.0",
        "@codemirror/language": "^6.0.0",
        "@lezer/highlight": "^1.2.3",
        "@lezer/lr": "^1.4.8"
      }
    },
    "node_modules/crelt": {
      "version": "1.0.6",
      "resolved": "https://registry.npmjs.org/crelt/-/crelt-1.0.6.tgz",
      "integrity": "sha512-VQ2MBenTq1fWZUH9DJNGti7kKv6EeAuYr3cLwxUWhIu1baTaXh4Ib5W2CqHVqib4/MqbYGJqiL3Zb8GJZr3l4g=="
    },
    "node_modules/giduru-cli": {
      "resolved": "packages/cli",
      "link": true
    },
    "node_modules/style-mod": {
      "version": "4.1.3",
      "resolved": "https://registry.npmjs.org/style-mod/-/style-mod-4.1.3.tgz",
      "integrity": "sha512-i/n8VsZydrugj3Iuzll8+x/00GH2vnYsk1eomD8QiRrSAeW6ItbCQDtfXCeJHd0iwiNagqjQkvpvREEPtW3IoQ=="
    },
    "node_modules/typescript": {
      "version": "5.9.3",
      "resolved": "https://registry.npmjs.org/typescript/-/typescript-5.9.3.tgz",
      "integrity": "sha512-jl1vZzPDinLr9eUt3J/t7V6FgNEw9QjvBPdysz9KfQDD41fQrC2Y4vKQdiaUpFT4bXlb1RHhLpp8wtm6M5TgSw==",
      "dev": true,
      "bin": {
        "tsc": "bin/tsc",
        "tsserver": "bin/tsserver"
      },
      "engines": {
        "node": ">=14.17"
      }
    },
    "node_modules/undici-types": {
      "version": "7.18.2",
      "resolved": "https://registry.npmjs.org/undici-types/-/undici-types-7.18.2.tgz",
      "integrity": "sha512-AsuCzffGHJybSaRrmr5eHr81mwJU3kjw6M+uprWvCXiNeN9SOGwQ3Jn8jb8m3Z6izVgknn1R0FTCEAP2QrLY/w==",
      "dev": true
    },
    "node_modules/w3c-keyname": {
      "version": "2.2.8",
      "resolved": "https://registry.npmjs.org/w3c-keyname/-/w3c-keyname-2.2.8.tgz",
      "integrity": "sha512-dpojBhNsCNN7T82Tm7k26A6G9ML3NkhDsnw9n/eoxSRlVBB4CEtIQ/KTCLI2Fwf3ataSXRhYFkQi3SlnFwPvPQ=="
    },
    "packages/cli": {
      "name": "giduru-cli",
      "version": "0.1.0",
      "license": "UNLICENSED",
      "dependencies": {
        "@giduru/core": "^0.1.1"
      },
      "bin": {
        "giduru": "dist/src/index.js"
      },
      "engines": {
        "node": ">=18"
      }
    },
    "packages/core": {
      "name": "@giduru/core",
      "version": "0.1.1",
      "license": "UNLICENSED",
      "dependencies": {
        "@lezer/common": "^1.5.1",
        "codemirror-lang-hledger": "^0.5.0"
      },
      "engines": {
        "node": ">=18"
      }
    }
  }
}
